
Microsoft Visual Studio Solution File, Format Version 12.00
# Visual Studio Version 17
VisualStudioVersion = 17.1.32328.378
MinimumVisualStudioVersion = 10.0.40219.1
Project("{FAE04EC0-301F-11D3-BF4B-00C04F79EFBC}") = "VerificaFTP", "src\VerificaFTP\VerificaFTP.csproj", "{FCE84271-E11B-43EC-93C8-CA1567A98E9B}"
EndProject
Global
	GlobalSection(SolutionConfigurationPlatforms) = preSolution
		Debug|Any CPU = Debug|Any CPU
		Release|Any CPU = Release|Any CPU
	EndGlobalSection
	GlobalSection(ProjectConfigurationPlatforms) = postSolution
		{FCE84271-E11B-43EC-93C8-CA1567A98E9B}.Debug|Any CPU.ActiveCfg = Debug|Any CPU
		{FCE84271-E11B-43EC-93C8-CA1567A98E9B}.Debug|Any CPU.Build.0 = Debug|Any CPU
		{FCE84271-E11B-43EC-93C8-CA1567A98E9B}.Release|Any CPU.ActiveCfg = Release|Any CPU
		{FCE84271-E11B-43EC-93C8-CA1567A98E9B}.Release|Any CPU.Build.0 = Release|Any CPU
	EndGlobalSection
	GlobalSection(SolutionProperties) = preSolution
		HideSolutionNode = FALSE
	EndGlobalSection
	GlobalSection(ExtensibilityGlobals) = postSolution
		SolutionGuid = {39C23F8E-9A20-4834-B9D7-EBDC7ADF7661}
	EndGlobalSection
EndGlobal
